<?xml version="1.0" encoding="utf-8"?>
<Project ToolsVersion="4.0" xmlns="http://schemas.microsoft.com/developer/msbuild/2003">
  <ItemGroup>
    <Filter Include="源文件">
      <UniqueIdentifier>{4FC737F1-C7A5-4376-A066-2A32D752A2FF}</UniqueIdentifier>
      <Extensions>cpp;c;cc;cxx;def;odl;idl;hpj;bat;asm;asmx</Extensions>
    </Filter>
    <Filter Include="头文件">
      <UniqueIdentifier>{93995380-89BD-4b04-88EB-625FBE52EBFB}</UniqueIdentifier>
      <Extensions>h;hh;hpp;hxx;hm;inl;inc;xsd</Extensions>
    </Filter>
    <Filter Include="资源文件">
      <UniqueIdentifier>{67DA6AB6-F800-4c08-8B7A-83BB121AAD01}</UniqueIdentifier>
      <Extensions>rc;ico;cur;bmp;dlg;rc2;rct;bin;rgs;gif;jpg;jpeg;jpe;resx;tiff;tif;png;wav;mfcribbon-ms</Extensions>
    </Filter>
    <Filter Include="C">
      <UniqueIdentifier>{21657bf9-b822-477a-8c2b-4291c1a1a797}</UniqueIdentifier>
    </Filter>
    <Filter Include="JSON">
      <UniqueIdentifier>{e1fee54e-4a38-4d59-9e1d-796f4156b469}</UniqueIdentifier>
    </Filter>
    <Filter Include="parserT">
      <UniqueIdentifier>{aec20025-97c5-4c3b-9a62-99378b5c8e47}</UniqueIdentifier>
    </Filter>
    <Filter Include="parser">
      <UniqueIdentifier>{49215b1a-2d50-4c44-b36d-c9f278a71f5d}</UniqueIdentifier>
    </Filter>
    <Filter Include="lex">
      <UniqueIdentifier>{7cda37fe-b019-48e9-b36a-c3e62364d106}</UniqueIdentifier>
    </Filter>
    <Filter Include="def">
      <UniqueIdentifier>{260f21aa-079d-4616-a87f-a3a95361f5f3}</UniqueIdentifier>
    </Filter>
    <Filter Include="interpret">
      <UniqueIdentifier>{c85dec78-8cd8-46b0-ba92-a46de539e7b4}</UniqueIdentifier>
    </Filter>
    <Filter Include="symbol">
      <UniqueIdentifier>{3e8fbda8-0944-485c-867c-775dcabb2083}</UniqueIdentifier>
    </Filter>
  </ItemGroup>
  <ItemGroup>
    <Text Include="ReadMe.txt" />
  </ItemGroup>
  <ItemGroup>
    <ClInclude Include="stdafx.h">
      <Filter>头文件</Filter>
    </ClInclude>
    <ClInclude Include="targetver.h">
      <Filter>头文件</Filter>
    </ClInclude>
    <ClInclude Include="json\json.h">
      <Filter>JSON</Filter>
    </ClInclude>
    <ClInclude Include="parser_expression.h">
      <Filter>parser</Filter>
    </ClInclude>
    <ClInclude Include="rule.h">
      <Filter>parserT</Filter>
    </ClInclude>
    <ClInclude Include="parser_declare.h">
      <Filter>parser</Filter>
    </ClInclude>
    <ClInclude Include="parser_statement.h">
      <Filter>parser</Filter>
    </ClInclude>
    <ClInclude Include="lex.h">
      <Filter>lex</Filter>
    </ClInclude>
    <ClInclude Include="node.h">
      <Filter>def</Filter>
    </ClInclude>
    <ClInclude Include="token_def.h">
      <Filter>def</Filter>
    </ClInclude>
    <ClInclude Include="public_func.h">
      <Filter>def</Filter>
    </ClInclude>
    <ClInclude Include="interpret.h">
      <Filter>interpret</Filter>
    </ClInclude>
    <ClInclude Include="gen.h">
      <Filter>interpret</Filter>
    </ClInclude>
    <ClInclude Include="symbol_item.h">
      <Filter>symbol</Filter>
    </ClInclude>
    <ClInclude Include="symbol_table.h">
      <Filter>symbol</Filter>
    </ClInclude>
  </ItemGroup>
  <ItemGroup>
    <ClCompile Include="stdafx.cpp">
      <Filter>源文件</Filter>
    </ClCompile>
    <ClCompile Include="testC.cpp">
      <Filter>源文件</Filter>
    </ClCompile>
    <ClCompile Include="parser_expression.cpp">
      <Filter>parser</Filter>
    </ClCompile>
    <ClCompile Include="parser_declare.cpp">
      <Filter>parser</Filter>
    </ClCompile>
    <ClCompile Include="parser_statement.cpp">
      <Filter>parser</Filter>
    </ClCompile>
    <ClCompile Include="lex.cpp">
      <Filter>lex</Filter>
    </ClCompile>
    <ClCompile Include="interpret.cpp">
      <Filter>interpret</Filter>
    </ClCompile>
    <ClCompile Include="symbol_table.cpp">
      <Filter>symbol</Filter>
    </ClCompile>
  </ItemGroup>
  <ItemGroup>
    <None Include="C\ansic.l">
      <Filter>C</Filter>
    </None>
    <None Include="C\ansic.y">
      <Filter>C</Filter>
    </None>
  </ItemGroup>
</Project>